
Microsoft Visual Studio Solution File, Format Version 12.00
# Visual Studio Version 17
VisualStudioVersion = 17.13.35818.85 d17.13
MinimumVisualStudioVersion = 10.0.40219.1
Project("{FAE04EC0-301F-11D3-BF4B-00C04F79EFBC}") = "Passwarden", "Passwarden\Passwarden.csproj", "{383DA074-48BB-48E3-B7BF-581490D768AA}"
EndProject
Global
	GlobalSection(SolutionConfigurationPlatforms) = preSolution
		Debug|Any CPU = Debug|Any CPU
		Release|Any CPU = Release|Any CPU
	EndGlobalSection
	GlobalSection(ProjectConfigurationPlatforms) = postSolution
		{383DA074-48BB-48E3-B7BF-581490D768AA}.Debug|Any CPU.ActiveCfg = Debug|Any CPU
		{383DA074-48BB-48E3-B7BF-581490D768AA}.Debug|Any CPU.Build.0 = Debug|Any CPU
		{383DA074-48BB-48E3-B7BF-581490D768AA}.Release|Any CPU.ActiveCfg = Release|Any CPU
		{383DA074-48BB-48E3-B7BF-581490D768AA}.Release|Any CPU.Build.0 = Release|Any CPU
	EndGlobalSection
	GlobalSection(SolutionProperties) = preSolution
		HideSolutionNode = FALSE
	EndGlobalSection
	GlobalSection(ExtensibilityGlobals) = postSolution
		SolutionGuid = {8EEF99AE-DBE9-41C9-9C61-C9D3D97D0714}
	EndGlobalSection
EndGlobal
